
Microsoft Visual Studio Solution File, Format Version 12.00
Project("{FAE04EC0-301F-11D3-BF4B-00C04F79EFBC}") = "ATI.Services.RabbitMQ", "ATI.Services.RabbitMQ\ATI.Services.RabbitMQ.csproj", "{1688FEC3-48AE-4BA7-BAF4-767E846BDD3F}"
EndProject
Global
	GlobalSection(SolutionConfigurationPlatforms) = preSolution
		Debug|Any CPU = Debug|Any CPU
		Release|Any CPU = Release|Any CPU
	EndGlobalSection
	GlobalSection(ProjectConfigurationPlatforms) = postSolution
		{1688FEC3-48AE-4BA7-BAF4-767E846BDD3F}.Debug|Any CPU.ActiveCfg = Debug|Any CPU
		{1688FEC3-48AE-4BA7-BAF4-767E846BDD3F}.Debug|Any CPU.Build.0 = Debug|Any CPU
		{1688FEC3-48AE-4BA7-BAF4-767E846BDD3F}.Release|Any CPU.ActiveCfg = Release|Any CPU
		{1688FEC3-48AE-4BA7-BAF4-767E846BDD3F}.Release|Any CPU.Build.0 = Release|Any CPU
	EndGlobalSection
EndGlobal
